
Microsoft Visual Studio Solution File, Format Version 12.00
# Visual Studio 15
VisualStudioVersion = 15.0.27703.2047
MinimumVisualStudioVersion = 10.0.40219.1
Project("{FAE04EC0-301F-11D3-BF4B-00C04F79EFBC}") = "WindowsFormsApp5", "WindowsFormsApp5\WindowsFormsApp5.csproj", "{B4563C6F-D558-4F6C-BD09-C689D8A19494}"
EndProject
Global
	GlobalSection(SolutionConfigurationPlatforms) = preSolution
		Debug|Any CPU = Debug|Any CPU
		Release|Any CPU = Release|Any CPU
	EndGlobalSection
	GlobalSection(ProjectConfigurationPlatforms) = postSolution
		{B4563C6F-D558-4F6C-BD09-C689D8A19494}.Debug|Any CPU.ActiveCfg = Debug|Any CPU
		{B4563C6F-D558-4F6C-BD09-C689D8A19494}.Debug|Any CPU.Build.0 = Debug|Any CPU
		{B4563C6F-D558-4F6C-BD09-C689D8A19494}.Release|Any CPU.ActiveCfg = Release|Any CPU
		{B4563C6F-D558-4F6C-BD09-C689D8A19494}.Release|Any CPU.Build.0 = Release|Any CPU
	EndGlobalSection
	GlobalSection(SolutionProperties) = preSolution
		HideSolutionNode = FALSE
	EndGlobalSection
	GlobalSection(ExtensibilityGlobals) = postSolution
		SolutionGuid = {AA990307-3FA0-4714-B194-97A416AA5860}
	EndGlobalSection
EndGlobal
